
Microsoft Visual Studio Solution File, Format Version 12.00
# Visual Studio Version 16
VisualStudioVersion = 16.0.31005.135
MinimumVisualStudioVersion = 10.0.40219.1
Project("{FAE04EC0-301F-11D3-BF4B-00C04F79EFBC}") = "Discord SpamWebhook", "Discord SpamWebhook\Discord SpamWebhook.csproj", "{3F8D2DE7-6F22-430C-B24B-3E6A5623C22F}"
EndProject
Global
	GlobalSection(SolutionConfigurationPlatforms) = preSolution
		Debug|Any CPU = Debug|Any CPU
		Release|Any CPU = Release|Any CPU
	EndGlobalSection
	GlobalSection(ProjectConfigurationPlatforms) = postSolution
		{3F8D2DE7-6F22-430C-B24B-3E6A5623C22F}.Debug|Any CPU.ActiveCfg = Debug|Any CPU
		{3F8D2DE7-6F22-430C-B24B-3E6A5623C22F}.Debug|Any CPU.Build.0 = Debug|Any CPU
		{3F8D2DE7-6F22-430C-B24B-3E6A5623C22F}.Release|Any CPU.ActiveCfg = Release|Any CPU
		{3F8D2DE7-6F22-430C-B24B-3E6A5623C22F}.Release|Any CPU.Build.0 = Release|Any CPU
	EndGlobalSection
	GlobalSection(SolutionProperties) = preSolution
		HideSolutionNode = FALSE
	EndGlobalSection
	GlobalSection(ExtensibilityGlobals) = postSolution
		SolutionGuid = {02F5C9D0-3A1C-4A5B-8008-C29098D1C820}
	EndGlobalSection
EndGlobal
